// !$*UTF8*$!
{
	archiveVersion = 1;
	classes = {
	};
	objectVersion = 45;
	objects = {

/* Begin PBXBuildFile section */
		1D3623260D0F684500981E51 /* SafeSoundAppDelegate.m in Sources */ = {isa = PBXBuildFile; fileRef = 1D3623250D0F684500981E51 /* SafeSoundAppDelegate.m */; };
		1D60589B0D05DD56006BFB54 /* main.m in Sources */ = {isa = PBXBuildFile; fileRef = 29B97316FDCFA39411CA2CEA /* main.m */; };
		1D60589F0D05DD5A006BFB54 /* Foundation.framework in Frameworks */ = {isa = PBXBuildFile; fileRef = 1D30AB110D05D00D00671497 /* Foundation.framework */; };
		1DF5F4E00D08C38300B7A737 /* UIKit.framework in Frameworks */ = {isa = PBXBuildFile; fileRef = 1DF5F4DF0D08C38300B7A737 /* UIKit.framework */; };
		288765A50DF7441C002DB57D /* CoreGraphics.framework in Frameworks */ = {isa = PBXBuildFile; fileRef = 288765A40DF7441C002DB57D /* CoreGraphics.framework */; };
		28AD733F0D9D9553002E5188 /* MainWindow.xib in Resources */ = {isa = PBXBuildFile; fileRef = 28AD733E0D9D9553002E5188 /* MainWindow.xib */; };
		A014E9FD1292513100F7F2AB /* Accelerate.framework in Frameworks */ = {isa = PBXBuildFile; fileRef = A014E9FC1292513100F7F2AB /* Accelerate.framework */; };
		A04F1A6D12767A05006E8FFA /* CoreFoundation.framework in Frameworks */ = {isa = PBXBuildFile; fileRef = A04F1A6C12767A05006E8FFA /* CoreFoundation.framework */; };
		A04F1A7112767A12006E8FFA /* CoreAudio.framework in Frameworks */ = {isa = PBXBuildFile; fileRef = A04F1A7012767A12006E8FFA /* CoreAudio.framework */; };
		A04F82B91272202300B590A1 /* AVFoundation.framework in Frameworks */ = {isa = PBXBuildFile; fileRef = A04F82B81272202300B590A1 /* AVFoundation.framework */; };
		A04F83CB127292D500B590A1 /* RIOInterface.mm in Sources */ = {isa = PBXBuildFile; fileRef = A04F83CA127292D500B590A1 /* RIOInterface.mm */; };
		A04F841D1272996900B590A1 /* KeyHelper.m in Sources */ = {isa = PBXBuildFile; fileRef = A04F841C1272996900B590A1 /* KeyHelper.m */; };
		A061FB07127643D3002625EB /* ListenerViewController.m in Sources */ = {isa = PBXBuildFile; fileRef = A061FB05127643D3002625EB /* ListenerViewController.m */; };
		A061FB08127643D3002625EB /* ListenerViewController.xib in Resources */ = {isa = PBXBuildFile; fileRef = A061FB06127643D3002625EB /* ListenerViewController.xib */; };
		A061FB2312765E99002625EB /* Sound_Wave_Listen.jpg in Resources */ = {isa = PBXBuildFile; fileRef = A061FB2212765E99002625EB /* Sound_Wave_Listen.jpg */; };
		A0C953EF1277C94300BF51F0 /* CAXException.cpp in Sources */ = {isa = PBXBuildFile; fileRef = A0C953EE1277C94300BF51F0 /* CAXException.cpp */; };
		C950950E126E71140033980B /* AudioToolbox.framework in Frameworks */ = {isa = PBXBuildFile; fileRef = C950950D126E71140033980B /* AudioToolbox.framework */; };
/* End PBXBuildFile section */

/* Begin PBXFileReference section */
		1D30AB110D05D00D00671497 /* Foundation.framework */ = {isa = PBXFileReference; lastKnownFileType = wrapper.framework; name = Foundation.framework; path = System/Library/Frameworks/Foundation.framework; sourceTree = SDKROOT; };
		1D3623240D0F684500981E51 /* SafeSoundAppDelegate.h */ = {isa = PBXFileReference; fileEncoding = 4; lastKnownFileType = sourcecode.c.h; path = SafeSoundAppDelegate.h; sourceTree = "<group>"; };
		1D3623250D0F684500981E51 /* SafeSoundAppDelegate.m */ = {isa = PBXFileReference; fileEncoding = 4; lastKnownFileType = sourcecode.c.objc; path = SafeSoundAppDelegate.m; sourceTree = "<group>"; };
		1D6058910D05DD3D006BFB54 /* PitchDetector.app */ = {isa = PBXFileReference; explicitFileType = wrapper.application; includeInIndex = 0; path = PitchDetector.app; sourceTree = BUILT_PRODUCTS_DIR; };
		1DF5F4DF0D08C38300B7A737 /* UIKit.framework */ = {isa = PBXFileReference; lastKnownFileType = wrapper.framework; name = UIKit.framework; path = System/Library/Frameworks/UIKit.framework; sourceTree = SDKROOT; };
		288765A40DF7441C002DB57D /* CoreGraphics.framework */ = {isa = PBXFileReference; lastKnownFileType = wrapper.framework; name = CoreGraphics.framework; path = System/Library/Frameworks/CoreGraphics.framework; sourceTree = SDKROOT; };
		28AD733E0D9D9553002E5188 /* MainWindow.xib */ = {isa = PBXFileReference; lastKnownFileType = file.xib; path = MainWindow.xib; sourceTree = "<group>"; };
		29B97316FDCFA39411CA2CEA /* main.m */ = {isa = PBXFileReference; fileEncoding = 4; lastKnownFileType = sourcecode.c.objc; path = main.m; sourceTree = "<group>"; };
		32CA4F630368D1EE00C91783 /* PitchDetector_Prefix.pch */ = {isa = PBXFileReference; fileEncoding = 4; lastKnownFileType = sourcecode.c.h; path = PitchDetector_Prefix.pch; sourceTree = "<group>"; };
		8D1107310486CEB800E47090 /* PitchDetector-Info.plist */ = {isa = PBXFileReference; fileEncoding = 4; lastKnownFileType = text.plist.xml; path = "PitchDetector-Info.plist"; plistStructureDefinitionIdentifier = "com.apple.xcode.plist.structure-definition.iphone.info-plist"; sourceTree = "<group>"; };
		A014E9FC1292513100F7F2AB /* Accelerate.framework */ = {isa = PBXFileReference; lastKnownFileType = wrapper.framework; name = Accelerate.framework; path = /System/Library/Frameworks/Accelerate.framework; sourceTree = "<absolute>"; };
		A04F1A6C12767A05006E8FFA /* CoreFoundation.framework */ = {isa = PBXFileReference; lastKnownFileType = wrapper.framework; name = CoreFoundation.framework; path = System/Library/Frameworks/CoreFoundation.framework; sourceTree = SDKROOT; };
		A04F1A7012767A12006E8FFA /* CoreAudio.framework */ = {isa = PBXFileReference; lastKnownFileType = wrapper.framework; name = CoreAudio.framework; path = System/Library/Frameworks/CoreAudio.framework; sourceTree = SDKROOT; };
		A04F82B81272202300B590A1 /* AVFoundation.framework */ = {isa = PBXFileReference; lastKnownFileType = wrapper.framework; name = AVFoundation.framework; path = System/Library/Frameworks/AVFoundation.framework; sourceTree = SDKROOT; };
		A04F83C9127292D500B590A1 /* RIOInterface.h */ = {isa = PBXFileReference; fileEncoding = 4; lastKnownFileType = sourcecode.c.h; path = RIOInterface.h; sourceTree = "<group>"; };
		A04F83CA127292D500B590A1 /* RIOInterface.mm */ = {isa = PBXFileReference; fileEncoding = 4; lastKnownFileType = sourcecode.cpp.objcpp; path = RIOInterface.mm; sourceTree = "<group>"; };
		A04F841B1272996900B590A1 /* KeyHelper.h */ = {isa = PBXFileReference; fileEncoding = 4; lastKnownFileType = sourcecode.c.h; path = KeyHelper.h; sourceTree = "<group>"; };
		A04F841C1272996900B590A1 /* KeyHelper.m */ = {isa = PBXFileReference; fileEncoding = 4; lastKnownFileType = sourcecode.c.objc; path = KeyHelper.m; sourceTree = "<group>"; };
		A061FB04127643D3002625EB /* ListenerViewController.h */ = {isa = PBXFileReference; fileEncoding = 4; lastKnownFileType = sourcecode.c.h; path = ListenerViewController.h; sourceTree = "<group>"; };
		A061FB05127643D3002625EB /* ListenerViewController.m */ = {isa = PBXFileReference; fileEncoding = 4; lastKnownFileType = sourcecode.c.objc; path = ListenerViewController.m; sourceTree = "<group>"; };
		A061FB06127643D3002625EB /* ListenerViewController.xib */ = {isa = PBXFileReference; lastKnownFileType = file.xib; name = ListenerViewController.xib; path = Classes/ListenerViewController.xib; sourceTree = "<group>"; };
		A061FB2212765E99002625EB /* Sound_Wave_Listen.jpg */ = {isa = PBXFileReference; lastKnownFileType = image.jpeg; path = Sound_Wave_Listen.jpg; sourceTree = "<group>"; };
		A061FB4C127676C4002625EB /* CAStreamBasicDescription.h */ = {isa = PBXFileReference; fileEncoding = 4; lastKnownFileType = sourcecode.c.h; path = CAStreamBasicDescription.h; sourceTree = "<group>"; };
		A061FB591276781C002625EB /* CADebugMacros.h */ = {isa = PBXFileReference; fileEncoding = 4; lastKnownFileType = sourcecode.c.h; path = CADebugMacros.h; sourceTree = "<group>"; };
		A0C953DD1277C8BA00BF51F0 /* CAXException.h */ = {isa = PBXFileReference; fileEncoding = 4; lastKnownFileType = sourcecode.c.h; path = CAXException.h; sourceTree = "<group>"; };
		A0C953EE1277C94300BF51F0 /* CAXException.cpp */ = {isa = PBXFileReference; fileEncoding = 4; lastKnownFileType = sourcecode.cpp.cpp; path = CAXException.cpp; sourceTree = "<group>"; };
		C950950D126E71140033980B /* AudioToolbox.framework */ = {isa = PBXFileReference; lastKnownFileType = wrapper.framework; name = AudioToolbox.framework; path = System/Library/Frameworks/AudioToolbox.framework; sourceTree = SDKROOT; };
/* End PBXFileReference section */

/* Begin PBXFrameworksBuildPhase section */
		1D60588F0D05DD3D006BFB54 /* Frameworks */ = {
			isa = PBXFrameworksBuildPhase;
			buildActionMask = 2147483647;
			files = (
				1D60589F0D05DD5A006BFB54 /* Foundation.framework in Frameworks */,
				1DF5F4E00D08C38300B7A737 /* UIKit.framework in Frameworks */,
				288765A50DF7441C002DB57D /* CoreGraphics.framework in Frameworks */,
				C950950E126E71140033980B /* AudioToolbox.framework in Frameworks */,
				A04F82B91272202300B590A1 /* AVFoundation.framework in Frameworks */,
				A04F1A6D12767A05006E8FFA /* CoreFoundation.framework in Frameworks */,
				A04F1A7112767A12006E8FFA /* CoreAudio.framework in Frameworks */,
				A014E9FD1292513100F7F2AB /* Accelerate.framework in Frameworks */,
			);
			runOnlyForDeploymentPostprocessing = 0;
		};
/* End PBXFrameworksBuildPhase section */

/* Begin PBXGroup section */
		080E96DDFE201D6D7F000001 /* Classes */ = {
			isa = PBXGroup;
			children = (
				A061FB0E12764434002625EB /* View Controllers */,
				1D3623240D0F684500981E51 /* SafeSoundAppDelegate.h */,
				1D3623250D0F684500981E51 /* SafeSoundAppDelegate.m */,
			);
			path = Classes;
			sourceTree = "<group>";
		};
		19C28FACFE9D520D11CA2CBB /* Products */ = {
			isa = PBXGroup;
			children = (
				1D6058910D05DD3D006BFB54 /* PitchDetector.app */,
			);
			name = Products;
			sourceTree = "<group>";
		};
		29B97314FDCFA39411CA2CEA /* CustomTemplate */ = {
			isa = PBXGroup;
			children = (
				A04F83C6127292C400B590A1 /* Singletons */,
				080E96DDFE201D6D7F000001 /* Classes */,
				29B97315FDCFA39411CA2CEA /* Other Sources */,
				29B97317FDCFA39411CA2CEA /* Resources */,
				29B97323FDCFA39411CA2CEA /* Frameworks */,
				19C28FACFE9D520D11CA2CBB /* Products */,
			);
			name = CustomTemplate;
			sourceTree = "<group>";
		};
		29B97315FDCFA39411CA2CEA /* Other Sources */ = {
			isa = PBXGroup;
			children = (
				A061FB4D127676D4002625EB /* CAUtil */,
				32CA4F630368D1EE00C91783 /* PitchDetector_Prefix.pch */,
				29B97316FDCFA39411CA2CEA /* main.m */,
			);
			name = "Other Sources";
			sourceTree = "<group>";
		};
		29B97317FDCFA39411CA2CEA /* Resources */ = {
			isa = PBXGroup;
			children = (
				A061FB2212765E99002625EB /* Sound_Wave_Listen.jpg */,
				A061FB06127643D3002625EB /* ListenerViewController.xib */,
				28AD733E0D9D9553002E5188 /* MainWindow.xib */,
				8D1107310486CEB800E47090 /* PitchDetector-Info.plist */,
			);
			name = Resources;
			sourceTree = "<group>";
		};
		29B97323FDCFA39411CA2CEA /* Frameworks */ = {
			isa = PBXGroup;
			children = (
				1DF5F4DF0D08C38300B7A737 /* UIKit.framework */,
				1D30AB110D05D00D00671497 /* Foundation.framework */,
				288765A40DF7441C002DB57D /* CoreGraphics.framework */,
				C950950D126E71140033980B /* AudioToolbox.framework */,
				A04F82B81272202300B590A1 /* AVFoundation.framework */,
				A04F1A6C12767A05006E8FFA /* CoreFoundation.framework */,
				A04F1A7012767A12006E8FFA /* CoreAudio.framework */,
				A014E9FC1292513100F7F2AB /* Accelerate.framework */,
			);
			name = Frameworks;
			sourceTree = "<group>";
		};
		A04F83C6127292C400B590A1 /* Singletons */ = {
			isa = PBXGroup;
			children = (
				A04F841B1272996900B590A1 /* KeyHelper.h */,
				A04F841C1272996900B590A1 /* KeyHelper.m */,
				A04F83C9127292D500B590A1 /* RIOInterface.h */,
				A04F83CA127292D500B590A1 /* RIOInterface.mm */,
			);
			name = Singletons;
			sourceTree = "<group>";
		};
		A061FB0E12764434002625EB /* View Controllers */ = {
			isa = PBXGroup;
			children = (
				A061FB04127643D3002625EB /* ListenerViewController.h */,
				A061FB05127643D3002625EB /* ListenerViewController.m */,
			);
			name = "View Controllers";
			sourceTree = "<group>";
		};
		A061FB4D127676D4002625EB /* CAUtil */ = {
			isa = PBXGroup;
			children = (
				A0C953DD1277C8BA00BF51F0 /* CAXException.h */,
				A0C953EE1277C94300BF51F0 /* CAXException.cpp */,
				A061FB4C127676C4002625EB /* CAStreamBasicDescription.h */,
				A061FB591276781C002625EB /* CADebugMacros.h */,
			);
			name = CAUtil;
			sourceTree = "<group>";
		};
/* End PBXGroup section */

/* Begin PBXNativeTarget section */
		1D6058900D05DD3D006BFB54 /* PitchDetector */ = {
			isa = PBXNativeTarget;
			buildConfigurationList = 1D6058960D05DD3E006BFB54 /* Build configuration list for PBXNativeTarget "PitchDetector" */;
			buildPhases = (
				1D60588D0D05DD3D006BFB54 /* Resources */,
				1D60588E0D05DD3D006BFB54 /* Sources */,
				1D60588F0D05DD3D006BFB54 /* Frameworks */,
			);
			buildRules = (
			);
			dependencies = (
			);
			name = PitchDetector;
			productName = ToneGenerator;
			productReference = 1D6058910D05DD3D006BFB54 /* PitchDetector.app */;
			productType = "com.apple.product-type.application";
		};
/* End PBXNativeTarget section */

/* Begin PBXProject section */
		29B97313FDCFA39411CA2CEA /* Project object */ = {
			isa = PBXProject;
			buildConfigurationList = C01FCF4E08A954540054247B /* Build configuration list for PBXProject "PitchDetector" */;
			compatibilityVersion = "Xcode 3.1";
			developmentRegion = English;
			hasScannedForEncodings = 1;
			knownRegions = (
				English,
				Japanese,
				French,
				German,
			);
			mainGroup = 29B97314FDCFA39411CA2CEA /* CustomTemplate */;
			projectDirPath = "";
			projectRoot = "";
			targets = (
				1D6058900D05DD3D006BFB54 /* PitchDetector */,
			);
		};
/* End PBXProject section */

/* Begin PBXResourcesBuildPhase section */
		1D60588D0D05DD3D006BFB54 /* Resources */ = {
			isa = PBXResourcesBuildPhase;
			buildActionMask = 2147483647;
			files = (
				28AD733F0D9D9553002E5188 /* MainWindow.xib in Resources */,
				A061FB08127643D3002625EB /* ListenerViewController.xib in Resources */,
				A061FB2312765E99002625EB /* Sound_Wave_Listen.jpg in Resources */,
			);
			runOnlyForDeploymentPostprocessing = 0;
		};
/* End PBXResourcesBuildPhase section */

/* Begin PBXSourcesBuildPhase section */
		1D60588E0D05DD3D006BFB54 /* Sources */ = {
			isa = PBXSourcesBuildPhase;
			buildActionMask = 2147483647;
			files = (
				1D60589B0D05DD56006BFB54 /* main.m in Sources */,
				1D3623260D0F684500981E51 /* SafeSoundAppDelegate.m in Sources */,
				A04F83CB127292D500B590A1 /* RIOInterface.mm in Sources */,
				A04F841D1272996900B590A1 /* KeyHelper.m in Sources */,
				A061FB07127643D3002625EB /* ListenerViewController.m in Sources */,
				A0C953EF1277C94300BF51F0 /* CAXException.cpp in Sources */,
			);
			runOnlyForDeploymentPostprocessing = 0;
		};
/* End PBXSourcesBuildPhase section */

/* Begin XCBuildConfiguration section */
		1D6058940D05DD3E006BFB54 /* Debug */ = {
			isa = XCBuildConfiguration;
			buildSettings = {
				ALWAYS_SEARCH_USER_PATHS = NO;
				COPY_PHASE_STRIP = NO;
				GCC_DYNAMIC_NO_PIC = NO;
				GCC_OPTIMIZATION_LEVEL = 0;
				GCC_PRECOMPILE_PREFIX_HEADER = YES;
				GCC_PREFIX_HEADER = PitchDetector_Prefix.pch;
				INFOPLIST_FILE = "PitchDetector-Info.plist";
				PRODUCT_NAME = PitchDetector;
			};
			name = Debug;
		};
		1D6058950D05DD3E006BFB54 /* Release */ = {
			isa = XCBuildConfiguration;
			buildSettings = {
				ALWAYS_SEARCH_USER_PATHS = NO;
				COPY_PHASE_STRIP = YES;
				GCC_PRECOMPILE_PREFIX_HEADER = YES;
				GCC_PREFIX_HEADER = PitchDetector_Prefix.pch;
				INFOPLIST_FILE = "PitchDetector-Info.plist";
				PRODUCT_NAME = PitchDetector;
				VALIDATE_PRODUCT = YES;
			};
			name = Release;
		};
		C01FCF4F08A954540054247B /* Debug */ = {
			isa = XCBuildConfiguration;
			buildSettings = {
				ARCHS = "$(ARCHS_STANDARD_32_BIT)";
				"CODE_SIGN_IDENTITY[sdk=iphoneos*]" = "iPhone Developer: Demetri Miller (36WPJ8C3NF)";
				GCC_C_LANGUAGE_STANDARD = c99;
				GCC_WARN_ABOUT_RETURN_TYPE = YES;
				GCC_WARN_UNUSED_VARIABLE = YES;
				IPHONEOS_DEPLOYMENT_TARGET = 4.2;
				PREBINDING = NO;
				PRODUCT_NAME = SafeSound;
				"PROVISIONING_PROFILE[sdk=iphoneos*]" = "D287A335-0517-4C0C-8F3E-A7F7E33A2348";
				SDKROOT = iphoneos;
				TARGETED_DEVICE_FAMILY = 1;
			};
			name = Debug;
		};
		C01FCF5008A954540054247B /* Release */ = {
			isa = XCBuildConfiguration;
			buildSettings = {
				ARCHS = "$(ARCHS_STANDARD_32_BIT)";
				"CODE_SIGN_IDENTITY[sdk=iphoneos*]" = "iPhone Developer: Demetri Miller (36WPJ8C3NF)";
				GCC_C_LANGUAGE_STANDARD = c99;
				GCC_WARN_ABOUT_RETURN_TYPE = YES;
				GCC_WARN_UNUSED_VARIABLE = YES;
				IPHONEOS_DEPLOYMENT_TARGET = 4.2;
				OTHER_CFLAGS = "-DNS_BLOCK_ASSERTIONS=1";
				PREBINDING = NO;
				"PROVISIONING_PROFILE[sdk=iphoneos*]" = "D287A335-0517-4C0C-8F3E-A7F7E33A2348";
				SDKROOT = iphoneos;
				TARGETED_DEVICE_FAMILY = 1;
			};
			name = Release;
		};
/* End XCBuildConfiguration section */

/* Begin XCConfigurationList section */
		1D6058960D05DD3E006BFB54 /* Build configuration list for PBXNativeTarget "PitchDetector" */ = {
			isa = XCConfigurationList;
			buildConfigurations = (
				1D6058940D05DD3E006BFB54 /* Debug */,
				1D6058950D05DD3E006BFB54 /* Release */,
			);
			defaultConfigurationIsVisible = 0;
			defaultConfigurationName = Release;
		};
		C01FCF4E08A954540054247B /* Build configuration list for PBXProject "PitchDetector" */ = {
			isa = XCConfigurationList;
			buildConfigurations = (
				C01FCF4F08A954540054247B /* Debug */,
				C01FCF5008A954540054247B /* Release */,
			);
			defaultConfigurationIsVisible = 0;
			defaultConfigurationName = Release;
		};
/* End XCConfigurationList section */
	};
	rootObject = 29B97313FDCFA39411CA2CEA /* Project object */;
}
